<?xml version="1.0" encoding="utf-8"?>
<Project ToolsVersion="4.0" xmlns="http://schemas.microsoft.com/developer/msbuild/2003">
  <ItemGroup>
    <Filter Include="Source Files">
      <UniqueIdentifier>{4FC737F1-C7A5-4376-A066-2A32D752A2FF}</UniqueIdentifier>
      <Extensions>qml;cpp;c;cc;cxx;def;odl;idl;hpj;bat;asm;asmx</Extensions>
    </Filter>
    <Filter Include="Header Files">
      <UniqueIdentifier>{93995380-89BD-4b04-88EB-625FBE52EBFB}</UniqueIdentifier>
      <Extensions>h;hh;hpp;hxx;hm;inl;inc;xsd</Extensions>
    </Filter>
    <Filter Include="Resource Files">
      <UniqueIdentifier>{67DA6AB6-F800-4c08-8B7A-83BB121AAD01}</UniqueIdentifier>
      <Extensions>qrc;rc;ico;cur;bmp;dlg;rc2;rct;bin;rgs;gif;jpg;jpeg;jpe;resx;tiff;tif;png;wav;mfcribbon-ms</Extensions>
    </Filter>
    <Filter Include="Form Files">
      <UniqueIdentifier>{99349809-55BA-4b9d-BF79-8FDBB0286EB3}</UniqueIdentifier>
      <Extensions>ui</Extensions>
    </Filter>
    <Filter Include="Translation Files">
      <UniqueIdentifier>{639EADAA-A684-42e4-A9AD-28FC9BCB8F7C}</UniqueIdentifier>
      <Extensions>ts</Extensions>
    </Filter>
    <Filter Include="Source Files\QT">
      <UniqueIdentifier>{ff6b0bb2-5330-4780-afb9-1f73172285bb}</UniqueIdentifier>
    </Filter>
    <Filter Include="Header Files\QTheader">
      <UniqueIdentifier>{973782cb-f6a8-4cad-a750-caf19a05507d}</UniqueIdentifier>
    </Filter>
  </ItemGroup>
  <ItemGroup>
    <QtMoc Include="mainwindow.h">
      <Filter>Header Files\QTheader</Filter>
    </QtMoc>
    <QtMoc Include="registerdialog.h">
      <Filter>Header Files\QTheader</Filter>
    </QtMoc>
    <QtMoc Include="logindialog.h">
      <Filter>Header Files\QTheader</Filter>
    </QtMoc>
    <QtMoc Include="DashboardPage.h">
      <Filter>Header Files\QTheader</Filter>
    </QtMoc>
    <QtMoc Include="Categories.h">
      <Filter>Header Files\QTheader</Filter>
    </QtMoc>
    <QtMoc Include="ProductPage.h">
      <Filter>Header Files\QTheader</Filter>
    </QtMoc>
    <QtMoc Include="CustomersPage.h">
      <Filter>Header Files\QTheader</Filter>
    </QtMoc>
    <QtMoc Include="TransactionsPage.h">
      <Filter>Header Files\QTheader</Filter>
    </QtMoc>
    <QtMoc Include="ReportsPage.h">
      <Filter>Header Files\QTheader</Filter>
    </QtMoc>
    <QtMoc Include="UsersPage.h">
      <Filter>Header Files\QTheader</Filter>
    </QtMoc>
    <QtMoc Include="StockManagementPage.h">
      <Filter>Header Files\QTheader</Filter>
    </QtMoc>
  </ItemGroup>
  <ItemGroup>
    <ClInclude Include="Category.h">
      <Filter>Header Files</Filter>
    </ClInclude>
    <ClInclude Include="Customer.h">
      <Filter>Header Files</Filter>
    </ClInclude>
    <ClInclude Include="databaseManager.h">
      <Filter>Header Files</Filter>
    </ClInclude>
    <ClInclude Include="InventoryManager.h">
      <Filter>Header Files</Filter>
    </ClInclude>
    <ClInclude Include="Products.h">
      <Filter>Header Files</Filter>
    </ClInclude>
    <ClInclude Include="Transaction.h">
      <Filter>Header Files</Filter>
    </ClInclude>
    <ClInclude Include="User.h">
      <Filter>Header Files</Filter>
    </ClInclude>
    <ClInclude Include="ReportModels.h">
      <Filter>Header Files</Filter>
    </ClInclude>
    <ClInclude Include="databaseConfig.h">
      <Filter>Header Files</Filter>
    </ClInclude>
    <ClInclude Include="databaseConfig.example.h">
      <Filter>Header Files</Filter>
    </ClInclude>
  </ItemGroup>
  <ItemGroup>
    <QtUic Include="registerdialog.ui">
      <Filter>Form Files</Filter>
    </QtUic>
    <QtUic Include="mainwindow.ui">
      <Filter>Form Files</Filter>
    </QtUic>
    <QtUic Include="logindialog.ui">
      <Filter>Form Files</Filter>
    </QtUic>
    <QtUic Include="DashboardPage.ui">
      <Filter>Form Files</Filter>
    </QtUic>
    <QtUic Include="Categories.ui">
      <Filter>Form Files</Filter>
    </QtUic>
    <QtUic Include="ProductPage.ui">
      <Filter>Form Files</Filter>
    </QtUic>
    <QtUic Include="CustomersPage.ui">
      <Filter>Form Files</Filter>
    </QtUic>
    <QtUic Include="TransactionsPage.ui">
      <Filter>Form Files</Filter>
    </QtUic>
    <QtUic Include="ReportsPage.ui">
      <Filter>Form Files</Filter>
    </QtUic>
    <QtUic Include="UsersPage.ui">
      <Filter>Form Files</Filter>
    </QtUic>
    <QtUic Include="StockManagementPage.ui">
      <Filter>Form Files</Filter>
    </QtUic>
  </ItemGroup>
  <ItemGroup>
    <ClCompile Include="databaseManager.cpp">
      <Filter>Source Files</Filter>
    </ClCompile>
    <ClCompile Include="InventoryManager.cpp">
      <Filter>Source Files</Filter>
    </ClCompile>
    <ClCompile Include="Products.cpp">
      <Filter>Source Files</Filter>
    </ClCompile>
    <ClCompile Include="Transaction.cpp">
      <Filter>Source Files</Filter>
    </ClCompile>
    <ClCompile Include="User.cpp">
      <Filter>Source Files</Filter>
    </ClCompile>
    <ClCompile Include="Category.cpp">
      <Filter>Source Files</Filter>
    </ClCompile>
    <ClCompile Include="Customer.cpp">
      <Filter>Source Files</Filter>
    </ClCompile>
    <ClCompile Include="registerdialog.cpp">
      <Filter>Source Files\QT</Filter>
    </ClCompile>
    <ClCompile Include="mainwindow.cpp">
      <Filter>Source Files\QT</Filter>
    </ClCompile>
    <ClCompile Include="main.cpp">
      <Filter>Source Files\QT</Filter>
    </ClCompile>
    <ClCompile Include="logindialog.cpp">
      <Filter>Source Files\QT</Filter>
    </ClCompile>
    <ClCompile Include="DashboardPage.cpp">
      <Filter>Source Files\QT</Filter>
    </ClCompile>
    <ClCompile Include="Categories.cpp">
      <Filter>Source Files\QT</Filter>
    </ClCompile>
    <ClCompile Include="ProductPage.cpp">
      <Filter>Source Files\QT</Filter>
    </ClCompile>
    <ClCompile Include="CustomersPage.cpp">
      <Filter>Source Files\QT</Filter>
    </ClCompile>
    <ClCompile Include="TransactionsPage.cpp">
      <Filter>Source Files\QT</Filter>
    </ClCompile>
    <ClCompile Include="ReportsPage.cpp">
      <Filter>Source Files\QT</Filter>
    </ClCompile>
    <ClCompile Include="UsersPage.cpp">
      <Filter>Source Files\QT</Filter>
    </ClCompile>
    <ClCompile Include="StockManagementPage.cpp">
      <Filter>Source Files\QT</Filter>
    </ClCompile>
  </ItemGroup>
</Project>